// !$*UTF8*$!
{
	archiveVersion = 1;
	classes = {
	};
	objectVersion = 48;
	objects = {

/* Begin PBXBuildFile section */
		1D723D17C0D424F90EC0279C /* Pods_EpitechDayOneTests.framework in Frameworks */ = {isa = PBXBuildFile; fileRef = 91D8662AB3DA73EA8CC6B694 /* Pods_EpitechDayOneTests.framework */; };
		9A7C7FE920400B230085CEE1 /* SignViewController.swift in Sources */ = {isa = PBXBuildFile; fileRef = 9A7C7FE820400B230085CEE1 /* SignViewController.swift */; };
		9A7C7FEC204016700085CEE1 /* EpitechAuth.swift in Sources */ = {isa = PBXBuildFile; fileRef = 9A7C7FEB204016700085CEE1 /* EpitechAuth.swift */; };
		9A7C7FEE204017A70085CEE1 /* EpitechAuthImp.swift in Sources */ = {isa = PBXBuildFile; fileRef = 9A7C7FED204017A70085CEE1 /* EpitechAuthImp.swift */; };
		9A7C7FF020401C620085CEE1 /* FakeAuthImp.swift in Sources */ = {isa = PBXBuildFile; fileRef = 9A7C7FEF20401C620085CEE1 /* FakeAuthImp.swift */; };
		9A7C7FF3204024860085CEE1 /* String+Utils.swift in Sources */ = {isa = PBXBuildFile; fileRef = 9A7C7FF2204024860085CEE1 /* String+Utils.swift */; };
		9A7C8003204028470085CEE1 /* TestEmailIsValid.swift in Sources */ = {isa = PBXBuildFile; fileRef = 9A7C8002204028470085CEE1 /* TestEmailIsValid.swift */; };
		9A7C800620404E970085CEE1 /* HomePresenter.swift in Sources */ = {isa = PBXBuildFile; fileRef = 9A7C800520404E970085CEE1 /* HomePresenter.swift */; };
		9A7C800820404EA30085CEE1 /* HomeInteractor.swift in Sources */ = {isa = PBXBuildFile; fileRef = 9A7C800720404EA30085CEE1 /* HomeInteractor.swift */; };
		9A7C800A20404EB00085CEE1 /* HomeRouter.swift in Sources */ = {isa = PBXBuildFile; fileRef = 9A7C800920404EB00085CEE1 /* HomeRouter.swift */; };
		9AFB0ADC203EBFEC0082EF86 /* AppDelegate.swift in Sources */ = {isa = PBXBuildFile; fileRef = 9AFB0ADB203EBFEC0082EF86 /* AppDelegate.swift */; };
		9AFB0ADE203EBFEC0082EF86 /* LoginViewController.swift in Sources */ = {isa = PBXBuildFile; fileRef = 9AFB0ADD203EBFEC0082EF86 /* LoginViewController.swift */; };
		9AFB0AE1203EBFEC0082EF86 /* Main.storyboard in Resources */ = {isa = PBXBuildFile; fileRef = 9AFB0ADF203EBFEC0082EF86 /* Main.storyboard */; };
		9AFB0AE3203EBFEC0082EF86 /* Assets.xcassets in Resources */ = {isa = PBXBuildFile; fileRef = 9AFB0AE2203EBFEC0082EF86 /* Assets.xcassets */; };
		9AFB0AE6203EBFEC0082EF86 /* LaunchScreen.storyboard in Resources */ = {isa = PBXBuildFile; fileRef = 9AFB0AE4203EBFEC0082EF86 /* LaunchScreen.storyboard */; };
		9AFB0AEE203EE54C0082EF86 /* UserModel.swift in Sources */ = {isa = PBXBuildFile; fileRef = 9AFB0AED203EE54C0082EF86 /* UserModel.swift */; };
		9AFB0AF4203F040D0082EF86 /* HomeViewController.swift in Sources */ = {isa = PBXBuildFile; fileRef = 9AFB0AF3203F040D0082EF86 /* HomeViewController.swift */; };
		9AFB0AF6203F0A1B0082EF86 /* ResultCollectionViewCell.swift in Sources */ = {isa = PBXBuildFile; fileRef = 9AFB0AF5203F0A1B0082EF86 /* ResultCollectionViewCell.swift */; };
		9AFB0AF8203F0B9A0082EF86 /* UserDetailViewController.swift in Sources */ = {isa = PBXBuildFile; fileRef = 9AFB0AF7203F0B9A0082EF86 /* UserDetailViewController.swift */; };
		9AFB0AFA203F26590082EF86 /* GoogleService-Info.plist in Resources */ = {isa = PBXBuildFile; fileRef = 9AFB0AF9203F26590082EF86 /* GoogleService-Info.plist */; };
		A99B01DD64A16D1D1D07C9DF /* Pods_EpitechDayOne.framework in Frameworks */ = {isa = PBXBuildFile; fileRef = 4E248C9C00F3E5CBDF1F507B /* Pods_EpitechDayOne.framework */; };
/* End PBXBuildFile section */

/* Begin PBXContainerItemProxy section */
		9A7C7FFD204027DC0085CEE1 /* PBXContainerItemProxy */ = {
			isa = PBXContainerItemProxy;
			containerPortal = 9AFB0AD0203EBFEC0082EF86 /* Project object */;
			proxyType = 1;
			remoteGlobalIDString = 9AFB0AD7203EBFEC0082EF86;
			remoteInfo = EpitechDayOne;
		};
/* End PBXContainerItemProxy section */

/* Begin PBXFileReference section */
		2DDFA82B21E980D196D3CA94 /* Pods-EpitechDayOne.debug.xcconfig */ = {isa = PBXFileReference; includeInIndex = 1; lastKnownFileType = text.xcconfig; name = "Pods-EpitechDayOne.debug.xcconfig"; path = "Pods/Target Support Files/Pods-EpitechDayOne/Pods-EpitechDayOne.debug.xcconfig"; sourceTree = "<group>"; };
		41C51DE41EC91DAE68711403 /* Pods-EpitechDayOneTests.release.xcconfig */ = {isa = PBXFileReference; includeInIndex = 1; lastKnownFileType = text.xcconfig; name = "Pods-EpitechDayOneTests.release.xcconfig"; path = "Pods/Target Support Files/Pods-EpitechDayOneTests/Pods-EpitechDayOneTests.release.xcconfig"; sourceTree = "<group>"; };
		4AD296FBDFFBD5439A25DF47 /* Pods-EpitechDayOne.release.xcconfig */ = {isa = PBXFileReference; includeInIndex = 1; lastKnownFileType = text.xcconfig; name = "Pods-EpitechDayOne.release.xcconfig"; path = "Pods/Target Support Files/Pods-EpitechDayOne/Pods-EpitechDayOne.release.xcconfig"; sourceTree = "<group>"; };
		4E248C9C00F3E5CBDF1F507B /* Pods_EpitechDayOne.framework */ = {isa = PBXFileReference; explicitFileType = wrapper.framework; includeInIndex = 0; path = Pods_EpitechDayOne.framework; sourceTree = BUILT_PRODUCTS_DIR; };
		7EBFCDC28D226A46BF436B73 /* Pods-EpitechDayOneTests.debug.xcconfig */ = {isa = PBXFileReference; includeInIndex = 1; lastKnownFileType = text.xcconfig; name = "Pods-EpitechDayOneTests.debug.xcconfig"; path = "Pods/Target Support Files/Pods-EpitechDayOneTests/Pods-EpitechDayOneTests.debug.xcconfig"; sourceTree = "<group>"; };
		91D8662AB3DA73EA8CC6B694 /* Pods_EpitechDayOneTests.framework */ = {isa = PBXFileReference; explicitFileType = wrapper.framework; includeInIndex = 0; path = Pods_EpitechDayOneTests.framework; sourceTree = BUILT_PRODUCTS_DIR; };
		9A7C7FE820400B230085CEE1 /* SignViewController.swift */ = {isa = PBXFileReference; lastKnownFileType = sourcecode.swift; path = SignViewController.swift; sourceTree = "<group>"; };
		9A7C7FEB204016700085CEE1 /* EpitechAuth.swift */ = {isa = PBXFileReference; lastKnownFileType = sourcecode.swift; path = EpitechAuth.swift; sourceTree = "<group>"; };
		9A7C7FED204017A70085CEE1 /* EpitechAuthImp.swift */ = {isa = PBXFileReference; lastKnownFileType = sourcecode.swift; path = EpitechAuthImp.swift; sourceTree = "<group>"; };
		9A7C7FEF20401C620085CEE1 /* FakeAuthImp.swift */ = {isa = PBXFileReference; lastKnownFileType = sourcecode.swift; path = FakeAuthImp.swift; sourceTree = "<group>"; };
		9A7C7FF2204024860085CEE1 /* String+Utils.swift */ = {isa = PBXFileReference; lastKnownFileType = sourcecode.swift; path = "String+Utils.swift"; sourceTree = "<group>"; };
		9A7C7FF8204027DC0085CEE1 /* EpitechDayOneTests.xctest */ = {isa = PBXFileReference; explicitFileType = wrapper.cfbundle; includeInIndex = 0; path = EpitechDayOneTests.xctest; sourceTree = BUILT_PRODUCTS_DIR; };
		9A7C7FFC204027DC0085CEE1 /* Info.plist */ = {isa = PBXFileReference; lastKnownFileType = text.plist.xml; path = Info.plist; sourceTree = "<group>"; };
		9A7C8002204028470085CEE1 /* TestEmailIsValid.swift */ = {isa = PBXFileReference; lastKnownFileType = sourcecode.swift; path = TestEmailIsValid.swift; sourceTree = "<group>"; };
		9A7C800520404E970085CEE1 /* HomePresenter.swift */ = {isa = PBXFileReference; lastKnownFileType = sourcecode.swift; path = HomePresenter.swift; sourceTree = "<group>"; };
		9A7C800720404EA30085CEE1 /* HomeInteractor.swift */ = {isa = PBXFileReference; lastKnownFileType = sourcecode.swift; path = HomeInteractor.swift; sourceTree = "<group>"; };
		9A7C800920404EB00085CEE1 /* HomeRouter.swift */ = {isa = PBXFileReference; lastKnownFileType = sourcecode.swift; path = HomeRouter.swift; sourceTree = "<group>"; };
		9AFB0AD8203EBFEC0082EF86 /* EpitechDayOne.app */ = {isa = PBXFileReference; explicitFileType = wrapper.application; includeInIndex = 0; path = EpitechDayOne.app; sourceTree = BUILT_PRODUCTS_DIR; };
		9AFB0ADB203EBFEC0082EF86 /* AppDelegate.swift */ = {isa = PBXFileReference; lastKnownFileType = sourcecode.swift; path = AppDelegate.swift; sourceTree = "<group>"; };
		9AFB0ADD203EBFEC0082EF86 /* LoginViewController.swift */ = {isa = PBXFileReference; lastKnownFileType = sourcecode.swift; path = LoginViewController.swift; sourceTree = "<group>"; };
		9AFB0AE0203EBFEC0082EF86 /* Base */ = {isa = PBXFileReference; lastKnownFileType = file.storyboard; name = Base; path = Base.lproj/Main.storyboard; sourceTree = "<group>"; };
		9AFB0AE2203EBFEC0082EF86 /* Assets.xcassets */ = {isa = PBXFileReference; lastKnownFileType = folder.assetcatalog; path = Assets.xcassets; sourceTree = "<group>"; };
		9AFB0AE5203EBFEC0082EF86 /* Base */ = {isa = PBXFileReference; lastKnownFileType = file.storyboard; name = Base; path = Base.lproj/LaunchScreen.storyboard; sourceTree = "<group>"; };
		9AFB0AE7203EBFEC0082EF86 /* Info.plist */ = {isa = PBXFileReference; lastKnownFileType = text.plist.xml; path = Info.plist; sourceTree = "<group>"; };
		9AFB0AED203EE54C0082EF86 /* UserModel.swift */ = {isa = PBXFileReference; lastKnownFileType = sourcecode.swift; path = UserModel.swift; sourceTree = "<group>"; };
		9AFB0AF3203F040D0082EF86 /* HomeViewController.swift */ = {isa = PBXFileReference; lastKnownFileType = sourcecode.swift; path = HomeViewController.swift; sourceTree = "<group>"; };
		9AFB0AF5203F0A1B0082EF86 /* ResultCollectionViewCell.swift */ = {isa = PBXFileReference; lastKnownFileType = sourcecode.swift; path = ResultCollectionViewCell.swift; sourceTree = "<group>"; };
		9AFB0AF7203F0B9A0082EF86 /* UserDetailViewController.swift */ = {isa = PBXFileReference; lastKnownFileType = sourcecode.swift; path = UserDetailViewController.swift; sourceTree = "<group>"; };
		9AFB0AF9203F26590082EF86 /* GoogleService-Info.plist */ = {isa = PBXFileReference; fileEncoding = 4; lastKnownFileType = text.plist.xml; path = "GoogleService-Info.plist"; sourceTree = "<group>"; };
/* End PBXFileReference section */

/* Begin PBXFrameworksBuildPhase section */
		9A7C7FF5204027DC0085CEE1 /* Frameworks */ = {
			isa = PBXFrameworksBuildPhase;
			buildActionMask = 2147483647;
			files = (
				1D723D17C0D424F90EC0279C /* Pods_EpitechDayOneTests.framework in Frameworks */,
			);
			runOnlyForDeploymentPostprocessing = 0;
		};
		9AFB0AD5203EBFEC0082EF86 /* Frameworks */ = {
			isa = PBXFrameworksBuildPhase;
			buildActionMask = 2147483647;
			files = (
				A99B01DD64A16D1D1D07C9DF /* Pods_EpitechDayOne.framework in Frameworks */,
			);
			runOnlyForDeploymentPostprocessing = 0;
		};
/* End PBXFrameworksBuildPhase section */

/* Begin PBXGroup section */
		4DFB37E783B20C6198C2797D /* Pods */ = {
			isa = PBXGroup;
			children = (
				2DDFA82B21E980D196D3CA94 /* Pods-EpitechDayOne.debug.xcconfig */,
				4AD296FBDFFBD5439A25DF47 /* Pods-EpitechDayOne.release.xcconfig */,
				7EBFCDC28D226A46BF436B73 /* Pods-EpitechDayOneTests.debug.xcconfig */,
				41C51DE41EC91DAE68711403 /* Pods-EpitechDayOneTests.release.xcconfig */,
			);
			name = Pods;
			sourceTree = "<group>";
		};
		843E95C0B1F6286A8D6973CD /* Frameworks */ = {
			isa = PBXGroup;
			children = (
				4E248C9C00F3E5CBDF1F507B /* Pods_EpitechDayOne.framework */,
				91D8662AB3DA73EA8CC6B694 /* Pods_EpitechDayOneTests.framework */,
			);
			name = Frameworks;
			sourceTree = "<group>";
		};
		9A7C7FEA204016540085CEE1 /* Auth */ = {
			isa = PBXGroup;
			children = (
				9A7C7FEB204016700085CEE1 /* EpitechAuth.swift */,
				9A7C7FED204017A70085CEE1 /* EpitechAuthImp.swift */,
				9A7C7FEF20401C620085CEE1 /* FakeAuthImp.swift */,
			);
			path = Auth;
			sourceTree = "<group>";
		};
		9A7C7FF1204024740085CEE1 /* Utils */ = {
			isa = PBXGroup;
			children = (
				9A7C7FF2204024860085CEE1 /* String+Utils.swift */,
			);
			path = Utils;
			sourceTree = "<group>";
		};
		9A7C7FF9204027DC0085CEE1 /* EpitechDayOneTests */ = {
			isa = PBXGroup;
			children = (
				9A7C7FFC204027DC0085CEE1 /* Info.plist */,
				9A7C8002204028470085CEE1 /* TestEmailIsValid.swift */,
			);
			path = EpitechDayOneTests;
			sourceTree = "<group>";
		};
		9A7C800420404E580085CEE1 /* Home */ = {
			isa = PBXGroup;
			children = (
				9AFB0AF3203F040D0082EF86 /* HomeViewController.swift */,
				9A7C800520404E970085CEE1 /* HomePresenter.swift */,
				9A7C800720404EA30085CEE1 /* HomeInteractor.swift */,
				9A7C800920404EB00085CEE1 /* HomeRouter.swift */,
			);
			path = Home;
			sourceTree = "<group>";
		};
		9AFB0ACF203EBFEC0082EF86 = {
			isa = PBXGroup;
			children = (
				9AFB0ADA203EBFEC0082EF86 /* EpitechDayOne */,
				9A7C7FF9204027DC0085CEE1 /* EpitechDayOneTests */,
				9AFB0AD9203EBFEC0082EF86 /* Products */,
				4DFB37E783B20C6198C2797D /* Pods */,
				843E95C0B1F6286A8D6973CD /* Frameworks */,
			);
			sourceTree = "<group>";
		};
		9AFB0AD9203EBFEC0082EF86 /* Products */ = {
			isa = PBXGroup;
			children = (
				9AFB0AD8203EBFEC0082EF86 /* EpitechDayOne.app */,
				9A7C7FF8204027DC0085CEE1 /* EpitechDayOneTests.xctest */,
			);
			name = Products;
			sourceTree = "<group>";
		};
		9AFB0ADA203EBFEC0082EF86 /* EpitechDayOne */ = {
			isa = PBXGroup;
			children = (
				9A7C800420404E580085CEE1 /* Home */,
				9A7C7FF1204024740085CEE1 /* Utils */,
				9A7C7FEA204016540085CEE1 /* Auth */,
				9AFB0AF9203F26590082EF86 /* GoogleService-Info.plist */,
				9AFB0ADB203EBFEC0082EF86 /* AppDelegate.swift */,
				9AFB0ADD203EBFEC0082EF86 /* LoginViewController.swift */,
				9AFB0ADF203EBFEC0082EF86 /* Main.storyboard */,
				9AFB0AE2203EBFEC0082EF86 /* Assets.xcassets */,
				9AFB0AE4203EBFEC0082EF86 /* LaunchScreen.storyboard */,
				9AFB0AE7203EBFEC0082EF86 /* Info.plist */,
				9AFB0AED203EE54C0082EF86 /* UserModel.swift */,
				9AFB0AF5203F0A1B0082EF86 /* ResultCollectionViewCell.swift */,
				9AFB0AF7203F0B9A0082EF86 /* UserDetailViewController.swift */,
				9A7C7FE820400B230085CEE1 /* SignViewController.swift */,
			);
			path = EpitechDayOne;
			sourceTree = "<group>";
		};
/* End PBXGroup section */

/* Begin PBXNativeTarget section */
		9A7C7FF7204027DC0085CEE1 /* EpitechDayOneTests */ = {
			isa = PBXNativeTarget;
			buildConfigurationList = 9A7C7FFF204027DC0085CEE1 /* Build configuration list for PBXNativeTarget "EpitechDayOneTests" */;
			buildPhases = (
				0D169BEFC6C335E3D2C0CAF5 /* [CP] Check Pods Manifest.lock */,
				9A7C7FF4204027DC0085CEE1 /* Sources */,
				9A7C7FF5204027DC0085CEE1 /* Frameworks */,
				9A7C7FF6204027DC0085CEE1 /* Resources */,
				387206D35431B4F964B05021 /* [CP] Embed Pods Frameworks */,
				97E1FED6FF9874C1891F9AF4 /* [CP] Copy Pods Resources */,
			);
			buildRules = (
			);
			dependencies = (
				9A7C7FFE204027DC0085CEE1 /* PBXTargetDependency */,
			);
			name = EpitechDayOneTests;
			productName = EpitechDayOneTests;
			productReference = 9A7C7FF8204027DC0085CEE1 /* EpitechDayOneTests.xctest */;
			productType = "com.apple.product-type.bundle.unit-test";
		};
		9AFB0AD7203EBFEC0082EF86 /* EpitechDayOne */ = {
			isa = PBXNativeTarget;
			buildConfigurationList = 9AFB0AEA203EBFEC0082EF86 /* Build configuration list for PBXNativeTarget "EpitechDayOne" */;
			buildPhases = (
				2837331C16D5189ADF9A396E /* [CP] Check Pods Manifest.lock */,
				9AFB0AD4203EBFEC0082EF86 /* Sources */,
				9AFB0AD5203EBFEC0082EF86 /* Frameworks */,
				9AFB0AD6203EBFEC0082EF86 /* Resources */,
				130CD5CAD5219122577924E2 /* [CP] Embed Pods Frameworks */,
				E8CE2386D80EADE0CEDDFBA0 /* [CP] Copy Pods Resources */,
			);
			buildRules = (
			);
			dependencies = (
			);
			name = EpitechDayOne;
			productName = EpitechDayOne;
			productReference = 9AFB0AD8203EBFEC0082EF86 /* EpitechDayOne.app */;
			productType = "com.apple.product-type.application";
		};
/* End PBXNativeTarget section */

/* Begin PBXProject section */
		9AFB0AD0203EBFEC0082EF86 /* Project object */ = {
			isa = PBXProject;
			attributes = {
				LastSwiftUpdateCheck = 0920;
				LastUpgradeCheck = 0920;
				ORGANIZATIONNAME = "Fred Fauquette";
				TargetAttributes = {
					9A7C7FF7204027DC0085CEE1 = {
						CreatedOnToolsVersion = 9.2;
						LastSwiftMigration = 0920;
						ProvisioningStyle = Automatic;
						TestTargetID = 9AFB0AD7203EBFEC0082EF86;
					};
					9AFB0AD7203EBFEC0082EF86 = {
						CreatedOnToolsVersion = 9.2;
						ProvisioningStyle = Automatic;
					};
				};
			};
			buildConfigurationList = 9AFB0AD3203EBFEC0082EF86 /* Build configuration list for PBXProject "EpitechDayOne" */;
			compatibilityVersion = "Xcode 8.0";
			developmentRegion = en;
			hasScannedForEncodings = 0;
			knownRegions = (
				en,
				Base,
			);
			mainGroup = 9AFB0ACF203EBFEC0082EF86;
			productRefGroup = 9AFB0AD9203EBFEC0082EF86 /* Products */;
			projectDirPath = "";
			projectRoot = "";
			targets = (
				9AFB0AD7203EBFEC0082EF86 /* EpitechDayOne */,
				9A7C7FF7204027DC0085CEE1 /* EpitechDayOneTests */,
			);
		};
/* End PBXProject section */

/* Begin PBXResourcesBuildPhase section */
		9A7C7FF6204027DC0085CEE1 /* Resources */ = {
			isa = PBXResourcesBuildPhase;
			buildActionMask = 2147483647;
			files = (
			);
			runOnlyForDeploymentPostprocessing = 0;
		};
		9AFB0AD6203EBFEC0082EF86 /* Resources */ = {
			isa = PBXResourcesBuildPhase;
			buildActionMask = 2147483647;
			files = (
				9AFB0AE6203EBFEC0082EF86 /* LaunchScreen.storyboard in Resources */,
				9AFB0AFA203F26590082EF86 /* GoogleService-Info.plist in Resources */,
				9AFB0AE3203EBFEC0082EF86 /* Assets.xcassets in Resources */,
				9AFB0AE1203EBFEC0082EF86 /* Main.storyboard in Resources */,
			);
			runOnlyForDeploymentPostprocessing = 0;
		};
/* End PBXResourcesBuildPhase section */

/* Begin PBXShellScriptBuildPhase section */
		0D169BEFC6C335E3D2C0CAF5 /* [CP] Check Pods Manifest.lock */ = {
			isa = PBXShellScriptBuildPhase;
			buildActionMask = 2147483647;
			files = (
			);
			inputPaths = (
			);
			name = "[CP] Check Pods Manifest.lock";
			outputPaths = (
			);
			runOnlyForDeploymentPostprocessing = 0;
			shellPath = /bin/sh;
			shellScript = "diff \"${PODS_PODFILE_DIR_PATH}/Podfile.lock\" \"${PODS_ROOT}/Manifest.lock\" > /dev/null\nif [ $? != 0 ] ; then\n    # print error to STDERR\n    echo \"error: The sandbox is not in sync with the Podfile.lock. Run 'pod install' or update your CocoaPods installation.\" >&2\n    exit 1\nfi\n";
			showEnvVarsInLog = 0;
		};
		130CD5CAD5219122577924E2 /* [CP] Embed Pods Frameworks */ = {
			isa = PBXShellScriptBuildPhase;
			buildActionMask = 2147483647;
			files = (
			);
			inputPaths = (
			);
			name = "[CP] Embed Pods Frameworks";
			outputPaths = (
			);
			runOnlyForDeploymentPostprocessing = 0;
			shellPath = /bin/sh;
			shellScript = "\"${SRCROOT}/Pods/Target Support Files/Pods-EpitechDayOne/Pods-EpitechDayOne-frameworks.sh\"\n";
			showEnvVarsInLog = 0;
		};
		2837331C16D5189ADF9A396E /* [CP] Check Pods Manifest.lock */ = {
			isa = PBXShellScriptBuildPhase;
			buildActionMask = 2147483647;
			files = (
			);
			inputPaths = (
			);
			name = "[CP] Check Pods Manifest.lock";
			outputPaths = (
			);
			runOnlyForDeploymentPostprocessing = 0;
			shellPath = /bin/sh;
			shellScript = "diff \"${PODS_PODFILE_DIR_PATH}/Podfile.lock\" \"${PODS_ROOT}/Manifest.lock\" > /dev/null\nif [ $? != 0 ] ; then\n    # print error to STDERR\n    echo \"error: The sandbox is not in sync with the Podfile.lock. Run 'pod install' or update your CocoaPods installation.\" >&2\n    exit 1\nfi\n";
			showEnvVarsInLog = 0;
		};
		387206D35431B4F964B05021 /* [CP] Embed Pods Frameworks */ = {
			isa = PBXShellScriptBuildPhase;
			buildActionMask = 2147483647;
			files = (
			);
			inputPaths = (
			);
			name = "[CP] Embed Pods Frameworks";
			outputPaths = (
			);
			runOnlyForDeploymentPostprocessing = 0;
			shellPath = /bin/sh;
			shellScript = "\"${SRCROOT}/Pods/Target Support Files/Pods-EpitechDayOneTests/Pods-EpitechDayOneTests-frameworks.sh\"\n";
			showEnvVarsInLog = 0;
		};
		97E1FED6FF9874C1891F9AF4 /* [CP] Copy Pods Resources */ = {
			isa = PBXShellScriptBuildPhase;
			buildActionMask = 2147483647;
			files = (
			);
			inputPaths = (
			);
			name = "[CP] Copy Pods Resources";
			outputPaths = (
			);
			runOnlyForDeploymentPostprocessing = 0;
			shellPath = /bin/sh;
			shellScript = "\"${SRCROOT}/Pods/Target Support Files/Pods-EpitechDayOneTests/Pods-EpitechDayOneTests-resources.sh\"\n";
			showEnvVarsInLog = 0;
		};
		E8CE2386D80EADE0CEDDFBA0 /* [CP] Copy Pods Resources */ = {
			isa = PBXShellScriptBuildPhase;
			buildActionMask = 2147483647;
			files = (
			);
			inputPaths = (
			);
			name = "[CP] Copy Pods Resources";
			outputPaths = (
			);
			runOnlyForDeploymentPostprocessing = 0;
			shellPath = /bin/sh;
			shellScript = "\"${SRCROOT}/Pods/Target Support Files/Pods-EpitechDayOne/Pods-EpitechDayOne-resources.sh\"\n";
			showEnvVarsInLog = 0;
		};
/* End PBXShellScriptBuildPhase section */

/* Begin PBXSourcesBuildPhase section */
		9A7C7FF4204027DC0085CEE1 /* Sources */ = {
			isa = PBXSourcesBuildPhase;
			buildActionMask = 2147483647;
			files = (
				9A7C8003204028470085CEE1 /* TestEmailIsValid.swift in Sources */,
			);
			runOnlyForDeploymentPostprocessing = 0;
		};
		9AFB0AD4203EBFEC0082EF86 /* Sources */ = {
			isa = PBXSourcesBuildPhase;
			buildActionMask = 2147483647;
			files = (
				9A7C7FF3204024860085CEE1 /* String+Utils.swift in Sources */,
				9AFB0AF8203F0B9A0082EF86 /* UserDetailViewController.swift in Sources */,
				9A7C7FEC204016700085CEE1 /* EpitechAuth.swift in Sources */,
				9A7C800620404E970085CEE1 /* HomePresenter.swift in Sources */,
				9AFB0ADE203EBFEC0082EF86 /* LoginViewController.swift in Sources */,
				9AFB0AEE203EE54C0082EF86 /* UserModel.swift in Sources */,
				9A7C7FE920400B230085CEE1 /* SignViewController.swift in Sources */,
				9A7C800820404EA30085CEE1 /* HomeInteractor.swift in Sources */,
				9A7C7FEE204017A70085CEE1 /* EpitechAuthImp.swift in Sources */,
				9A7C800A20404EB00085CEE1 /* HomeRouter.swift in Sources */,
				9AFB0AF6203F0A1B0082EF86 /* ResultCollectionViewCell.swift in Sources */,
				9A7C7FF020401C620085CEE1 /* FakeAuthImp.swift in Sources */,
				9AFB0AF4203F040D0082EF86 /* HomeViewController.swift in Sources */,
				9AFB0ADC203EBFEC0082EF86 /* AppDelegate.swift in Sources */,
			);
			runOnlyForDeploymentPostprocessing = 0;
		};
/* End PBXSourcesBuildPhase section */

/* Begin PBXTargetDependency section */
		9A7C7FFE204027DC0085CEE1 /* PBXTargetDependency */ = {
			isa = PBXTargetDependency;
			target = 9AFB0AD7203EBFEC0082EF86 /* EpitechDayOne */;
			targetProxy = 9A7C7FFD204027DC0085CEE1 /* PBXContainerItemProxy */;
		};
/* End PBXTargetDependency section */

/* Begin PBXVariantGroup section */
		9AFB0ADF203EBFEC0082EF86 /* Main.storyboard */ = {
			isa = PBXVariantGroup;
			children = (
				9AFB0AE0203EBFEC0082EF86 /* Base */,
			);
			name = Main.storyboard;
			sourceTree = "<group>";
		};
		9AFB0AE4203EBFEC0082EF86 /* LaunchScreen.storyboard */ = {
			isa = PBXVariantGroup;
			children = (
				9AFB0AE5203EBFEC0082EF86 /* Base */,
			);
			name = LaunchScreen.storyboard;
			sourceTree = "<group>";
		};
/* End PBXVariantGroup section */

/* Begin XCBuildConfiguration section */
		9A7C8000204027DC0085CEE1 /* Debug */ = {
			isa = XCBuildConfiguration;
			baseConfigurationReference = 7EBFCDC28D226A46BF436B73 /* Pods-EpitechDayOneTests.debug.xcconfig */;
			buildSettings = {
				BUNDLE_LOADER = "$(TEST_HOST)";
				CLANG_ENABLE_MODULES = YES;
				CODE_SIGN_STYLE = Automatic;
				INFOPLIST_FILE = EpitechDayOneTests/Info.plist;
				LD_RUNPATH_SEARCH_PATHS = "$(inherited) @executable_path/Frameworks @loader_path/Frameworks";
				PRODUCT_BUNDLE_IDENTIFIER = com.fredfoc.EpitechDayOneTests;
				PRODUCT_NAME = "$(TARGET_NAME)";
				SWIFT_OPTIMIZATION_LEVEL = "-Onone";
				SWIFT_VERSION = 4.0;
				TARGETED_DEVICE_FAMILY = "1,2";
				TEST_HOST = "$(BUILT_PRODUCTS_DIR)/EpitechDayOne.app/EpitechDayOne";
			};
			name = Debug;
		};
		9A7C8001204027DC0085CEE1 /* Release */ = {
			isa = XCBuildConfiguration;
			baseConfigurationReference = 41C51DE41EC91DAE68711403 /* Pods-EpitechDayOneTests.release.xcconfig */;
			buildSettings = {
				BUNDLE_LOADER = "$(TEST_HOST)";
				CLANG_ENABLE_MODULES = YES;
				CODE_SIGN_STYLE = Automatic;
				INFOPLIST_FILE = EpitechDayOneTests/Info.plist;
				LD_RUNPATH_SEARCH_PATHS = "$(inherited) @executable_path/Frameworks @loader_path/Frameworks";
				PRODUCT_BUNDLE_IDENTIFIER = com.fredfoc.EpitechDayOneTests;
				PRODUCT_NAME = "$(TARGET_NAME)";
				SWIFT_VERSION = 4.0;
				TARGETED_DEVICE_FAMILY = "1,2";
				TEST_HOST = "$(BUILT_PRODUCTS_DIR)/EpitechDayOne.app/EpitechDayOne";
			};
			name = Release;
		};
		9AFB0AE8203EBFEC0082EF86 /* Debug */ = {
			isa = XCBuildConfiguration;
			buildSettings = {
				ALWAYS_SEARCH_USER_PATHS = NO;
				CLANG_ANALYZER_NONNULL = YES;
				CLANG_ANALYZER_NUMBER_OBJECT_CONVERSION = YES_AGGRESSIVE;
				CLANG_CXX_LANGUAGE_STANDARD = "gnu++14";
				CLANG_CXX_LIBRARY = "libc++";
				CLANG_ENABLE_MODULES = YES;
				CLANG_ENABLE_OBJC_ARC = YES;
				CLANG_WARN_BLOCK_CAPTURE_AUTORELEASING = YES;
				CLANG_WARN_BOOL_CONVERSION = YES;
				CLANG_WARN_COMMA = YES;
				CLANG_WARN_CONSTANT_CONVERSION = YES;
				CLANG_WARN_DIRECT_OBJC_ISA_USAGE = YES_ERROR;
				CLANG_WARN_DOCUMENTATION_COMMENTS = YES;
				CLANG_WARN_EMPTY_BODY = YES;
				CLANG_WARN_ENUM_CONVERSION = YES;
				CLANG_WARN_INFINITE_RECURSION = YES;
				CLANG_WARN_INT_CONVERSION = YES;
				CLANG_WARN_NON_LITERAL_NULL_CONVERSION = YES;
				CLANG_WARN_OBJC_LITERAL_CONVERSION = YES;
				CLANG_WARN_OBJC_ROOT_CLASS = YES_ERROR;
				CLANG_WARN_RANGE_LOOP_ANALYSIS = YES;
				CLANG_WARN_STRICT_PROTOTYPES = YES;
				CLANG_WARN_SUSPICIOUS_MOVE = YES;
				CLANG_WARN_UNGUARDED_AVAILABILITY = YES_AGGRESSIVE;
				CLANG_WARN_UNREACHABLE_CODE = YES;
				CLANG_WARN__DUPLICATE_METHOD_MATCH = YES;
				CODE_SIGN_IDENTITY = "iPhone Developer";
				COPY_PHASE_STRIP = NO;
				DEBUG_INFORMATION_FORMAT = dwarf;
				ENABLE_STRICT_OBJC_MSGSEND = YES;
				ENABLE_TESTABILITY = YES;
				GCC_C_LANGUAGE_STANDARD = gnu11;
				GCC_DYNAMIC_NO_PIC = NO;
				GCC_NO_COMMON_BLOCKS = YES;
				GCC_OPTIMIZATION_LEVEL = 0;
				GCC_PREPROCESSOR_DEFINITIONS = (
					"DEBUG=1",
					"$(inherited)",
				);
				GCC_WARN_64_TO_32_BIT_CONVERSION = YES;
				GCC_WARN_ABOUT_RETURN_TYPE = YES_ERROR;
				GCC_WARN_UNDECLARED_SELECTOR = YES;
				GCC_WARN_UNINITIALIZED_AUTOS = YES_AGGRESSIVE;
				GCC_WARN_UNUSED_FUNCTION = YES;
				GCC_WARN_UNUSED_VARIABLE = YES;
				IPHONEOS_DEPLOYMENT_TARGET = 11.2;
				MTL_ENABLE_DEBUG_INFO = YES;
				ONLY_ACTIVE_ARCH = YES;
				SDKROOT = iphoneos;
				SWIFT_ACTIVE_COMPILATION_CONDITIONS = DEBUG;
				SWIFT_OPTIMIZATION_LEVEL = "-Onone";
			};
			name = Debug;
		};
		9AFB0AE9203EBFEC0082EF86 /* Release */ = {
			isa = XCBuildConfiguration;
			buildSettings = {
				ALWAYS_SEARCH_USER_PATHS = NO;
				CLANG_ANALYZER_NONNULL = YES;
				CLANG_ANALYZER_NUMBER_OBJECT_CONVERSION = YES_AGGRESSIVE;
				CLANG_CXX_LANGUAGE_STANDARD = "gnu++14";
				CLANG_CXX_LIBRARY = "libc++";
				CLANG_ENABLE_MODULES = YES;
				CLANG_ENABLE_OBJC_ARC = YES;
				CLANG_WARN_BLOCK_CAPTURE_AUTORELEASING = YES;
				CLANG_WARN_BOOL_CONVERSION = YES;
				CLANG_WARN_COMMA = YES;
				CLANG_WARN_CONSTANT_CONVERSION = YES;
				CLANG_WARN_DIRECT_OBJC_ISA_USAGE = YES_ERROR;
				CLANG_WARN_DOCUMENTATION_COMMENTS = YES;
				CLANG_WARN_EMPTY_BODY = YES;
				CLANG_WARN_ENUM_CONVERSION = YES;
				CLANG_WARN_INFINITE_RECURSION = YES;
				CLANG_WARN_INT_CONVERSION = YES;
				CLANG_WARN_NON_LITERAL_NULL_CONVERSION = YES;
				CLANG_WARN_OBJC_LITERAL_CONVERSION = YES;
				CLANG_WARN_OBJC_ROOT_CLASS = YES_ERROR;
				CLANG_WARN_RANGE_LOOP_ANALYSIS = YES;
				CLANG_WARN_STRICT_PROTOTYPES = YES;
				CLANG_WARN_SUSPICIOUS_MOVE = YES;
				CLANG_WARN_UNGUARDED_AVAILABILITY = YES_AGGRESSIVE;
				CLANG_WARN_UNREACHABLE_CODE = YES;
				CLANG_WARN__DUPLICATE_METHOD_MATCH = YES;
				CODE_SIGN_IDENTITY = "iPhone Developer";
				COPY_PHASE_STRIP = NO;
				DEBUG_INFORMATION_FORMAT = "dwarf-with-dsym";
				ENABLE_NS_ASSERTIONS = NO;
				ENABLE_STRICT_OBJC_MSGSEND = YES;
				GCC_C_LANGUAGE_STANDARD = gnu11;
				GCC_NO_COMMON_BLOCKS = YES;
				GCC_WARN_64_TO_32_BIT_CONVERSION = YES;
				GCC_WARN_ABOUT_RETURN_TYPE = YES_ERROR;
				GCC_WARN_UNDECLARED_SELECTOR = YES;
				GCC_WARN_UNINITIALIZED_AUTOS = YES_AGGRESSIVE;
				GCC_WARN_UNUSED_FUNCTION = YES;
				GCC_WARN_UNUSED_VARIABLE = YES;
				IPHONEOS_DEPLOYMENT_TARGET = 11.2;
				MTL_ENABLE_DEBUG_INFO = NO;
				SDKROOT = iphoneos;
				SWIFT_OPTIMIZATION_LEVEL = "-Owholemodule";
				VALIDATE_PRODUCT = YES;
			};
			name = Release;
		};
		9AFB0AEB203EBFEC0082EF86 /* Debug */ = {
			isa = XCBuildConfiguration;
			baseConfigurationReference = 2DDFA82B21E980D196D3CA94 /* Pods-EpitechDayOne.debug.xcconfig */;
			buildSettings = {
				ASSETCATALOG_COMPILER_APPICON_NAME = AppIcon;
				CODE_SIGN_STYLE = Automatic;
				INFOPLIST_FILE = EpitechDayOne/Info.plist;
				LD_RUNPATH_SEARCH_PATHS = "$(inherited) @executable_path/Frameworks";
				PRODUCT_BUNDLE_IDENTIFIER = com.fredfoc.EpitechDayOne;
				PRODUCT_NAME = "$(TARGET_NAME)";
				SWIFT_VERSION = 4.0;
				TARGETED_DEVICE_FAMILY = "1,2";
			};
			name = Debug;
		};
		9AFB0AEC203EBFEC0082EF86 /* Release */ = {
			isa = XCBuildConfiguration;
			baseConfigurationReference = 4AD296FBDFFBD5439A25DF47 /* Pods-EpitechDayOne.release.xcconfig */;
			buildSettings = {
				ASSETCATALOG_COMPILER_APPICON_NAME = AppIcon;
				CODE_SIGN_STYLE = Automatic;
				INFOPLIST_FILE = EpitechDayOne/Info.plist;
				LD_RUNPATH_SEARCH_PATHS = "$(inherited) @executable_path/Frameworks";
				PRODUCT_BUNDLE_IDENTIFIER = com.fredfoc.EpitechDayOne;
				PRODUCT_NAME = "$(TARGET_NAME)";
				SWIFT_VERSION = 4.0;
				TARGETED_DEVICE_FAMILY = "1,2";
			};
			name = Release;
		};
/* End XCBuildConfiguration section */

/* Begin XCConfigurationList section */
		9A7C7FFF204027DC0085CEE1 /* Build configuration list for PBXNativeTarget "EpitechDayOneTests" */ = {
			isa = XCConfigurationList;
			buildConfigurations = (
				9A7C8000204027DC0085CEE1 /* Debug */,
				9A7C8001204027DC0085CEE1 /* Release */,
			);
			defaultConfigurationIsVisible = 0;
			defaultConfigurationName = Release;
		};
		9AFB0AD3203EBFEC0082EF86 /* Build configuration list for PBXProject "EpitechDayOne" */ = {
			isa = XCConfigurationList;
			buildConfigurations = (
				9AFB0AE8203EBFEC0082EF86 /* Debug */,
				9AFB0AE9203EBFEC0082EF86 /* Release */,
			);
			defaultConfigurationIsVisible = 0;
			defaultConfigurationName = Release;
		};
		9AFB0AEA203EBFEC0082EF86 /* Build configuration list for PBXNativeTarget "EpitechDayOne" */ = {
			isa = XCConfigurationList;
			buildConfigurations = (
				9AFB0AEB203EBFEC0082EF86 /* Debug */,
				9AFB0AEC203EBFEC0082EF86 /* Release */,
			);
			defaultConfigurationIsVisible = 0;
			defaultConfigurationName = Release;
		};
/* End XCConfigurationList section */
	};
	rootObject = 9AFB0AD0203EBFEC0082EF86 /* Project object */;
}
